
Microsoft Visual Studio Solution File, Format Version 12.00
Project("{2150E333-8FDC-42A3-9474-1A3956D46DE8}") = "Framework", "Framework", "{C9A2E292-7695-4BFB-8C28-6FAE175E64F5}"
EndProject
Project("{2150E333-8FDC-42A3-9474-1A3956D46DE8}") = "Ordering", "Ordering", "{2FAE3F70-AFB3-49AC-8415-5FD09411280C}"
EndProject
Project("{2150E333-8FDC-42A3-9474-1A3956D46DE8}") = "Catalog", "Catalog", "{E511C6C8-E9C7-48DF-AC45-721B73714295}"
EndProject
Project("{2150E333-8FDC-42A3-9474-1A3956D46DE8}") = "IAM", "IAM", "{6B0D399B-8606-4414-A16D-49A1F1C3FDB0}"
EndProject
Project("{2150E333-8FDC-42A3-9474-1A3956D46DE8}") = "ApiGateway", "ApiGateway", "{CF4FD077-0215-4F81-8B40-62B9DAC4700A}"
EndProject
Project("{2150E333-8FDC-42A3-9474-1A3956D46DE8}") = "src", "src", "{00F4280F-C396-4B40-AB6F-80CA353D60B8}"
EndProject
Project("{2150E333-8FDC-42A3-9474-1A3956D46DE8}") = "tests", "tests", "{BD47DA98-238E-4DE7-B3B6-59FFEC005FA2}"
EndProject
Project("{2150E333-8FDC-42A3-9474-1A3956D46DE8}") = "src", "src", "{D271D724-FEBB-4232-9A94-2760E30288FC}"
EndProject
Project("{2150E333-8FDC-42A3-9474-1A3956D46DE8}") = "tests", "tests", "{B39E9B51-F82F-4BD1-9376-28F61E956F41}"
EndProject
Project("{2150E333-8FDC-42A3-9474-1A3956D46DE8}") = "src", "src", "{80C5177C-F2E6-4783-98FA-A753356DD37D}"
EndProject
Project("{2150E333-8FDC-42A3-9474-1A3956D46DE8}") = "tests", "tests", "{688822A6-F4EC-4DD3-AC0A-5A8F754E9EA6}"
EndProject
Project("{2150E333-8FDC-42A3-9474-1A3956D46DE8}") = "Application", "Application", "{AB27AE65-5DEF-4EF2-A203-6D3D5CF4828B}"
EndProject
Project("{2150E333-8FDC-42A3-9474-1A3956D46DE8}") = "Domain", "Domain", "{ED2B61B1-3239-4070-8DBB-073BE5817D12}"
EndProject
Project("{2150E333-8FDC-42A3-9474-1A3956D46DE8}") = "Infrastructure", "Infrastructure", "{5838E4F8-B7D8-4F59-BC73-F277C342A4FA}"
EndProject
Project("{2150E333-8FDC-42A3-9474-1A3956D46DE8}") = "Presentation", "Presentation", "{9EF581E5-F260-4E0F-82C7-54DE8B1E6634}"
EndProject
Project("{FAE04EC0-301F-11D3-BF4B-00C04F79EFBC}") = "Ordering.Application", "Ordering\src\Application\Ordering.Application\Ordering.Application.csproj", "{E6DA3862-6ADB-4C6E-B17D-1DB1F4E11501}"
EndProject
Project("{FAE04EC0-301F-11D3-BF4B-00C04F79EFBC}") = "Ordering.Application.Contracts", "Ordering\src\Application\Ordering.Application.Contracts\Ordering.Application.Contracts.csproj", "{DF4016B6-6700-4778-84F8-ECA8B9A45048}"
EndProject
Project("{FAE04EC0-301F-11D3-BF4B-00C04F79EFBC}") = "Ordering.Domain", "Ordering\src\Domain\Ordering.Domain\Ordering.Domain.csproj", "{B68D9FB0-06C5-4E70-8651-4EFC2E9E9678}"
EndProject
Project("{FAE04EC0-301F-11D3-BF4B-00C04F79EFBC}") = "Ordering.Query", "Ordering\src\Infrastructure\Ordering.Query\Ordering.Query.csproj", "{8B2D3553-0EB6-4B14-84F9-4E2B86ACDC0F}"
EndProject
Project("{FAE04EC0-301F-11D3-BF4B-00C04F79EFBC}") = "Ordering.Query.Model", "Ordering\src\Infrastructure\Ordering.Query.Model\Ordering.Query.Model.csproj", "{CA738EC8-AC43-46DF-BDAD-DECA0C1F961A}"
EndProject
Project("{FAE04EC0-301F-11D3-BF4B-00C04F79EFBC}") = "Ordering.Persistence.Mongo", "Ordering\src\Infrastructure\Ordering.Persistence.Mongo\Ordering.Persistence.Mongo.csproj", "{8920AF0E-0BEF-48F2-AAE7-CE91CC23647A}"
EndProject
Project("{FAE04EC0-301F-11D3-BF4B-00C04F79EFBC}") = "Ordering.Api", "Ordering\src\Presentaion\Ordering.Api\Ordering.Api.csproj", "{636BD69E-DA76-473F-9A53-BF84C9692D6B}"
EndProject
Project("{FAE04EC0-301F-11D3-BF4B-00C04F79EFBC}") = "Ordering.Management.Api", "Ordering\src\Presentaion\Ordering.Management.Api\Ordering.Management.Api.csproj", "{D43F28D7-D09D-4B20-8F48-F83F52A61CA1}"
EndProject
Project("{2150E333-8FDC-42A3-9474-1A3956D46DE8}") = "Application", "Application", "{874C1780-760F-4622-A1B4-941CE2A8FAAD}"
EndProject
Project("{2150E333-8FDC-42A3-9474-1A3956D46DE8}") = "Domain", "Domain", "{787C99CB-DB56-441F-8E3E-6AB0278A98A0}"
EndProject
Project("{2150E333-8FDC-42A3-9474-1A3956D46DE8}") = "Infrastructure", "Infrastructure", "{7F2CCCF0-0CB6-4370-8FB5-6DAC7D164FA2}"
EndProject
Project("{2150E333-8FDC-42A3-9474-1A3956D46DE8}") = "Presentation", "Presentation", "{4BF9494E-AA4B-4DCA-8960-19ED51B5A5C2}"
EndProject
Project("{FAE04EC0-301F-11D3-BF4B-00C04F79EFBC}") = "Ordering.Application.Tests.Unit", "Ordering\tests\Ordering.Application.Tests.Unit\Ordering.Application.Tests.Unit.csproj", "{A27924EC-3699-4A6D-ACF0-70AA06DA78F6}"
EndProject
Project("{FAE04EC0-301F-11D3-BF4B-00C04F79EFBC}") = "Ordering.Domain.Tests.Unit", "Ordering\tests\Ordering.Domain.Tests.Unit\Ordering.Domain.Tests.Unit.csproj", "{A494C8F0-3AB8-487D-9497-F48F3D284FA6}"
EndProject
Project("{FAE04EC0-301F-11D3-BF4B-00C04F79EFBC}") = "Ordering.Spec", "Ordering\tests\Ordering.Spec\Ordering.Spec.csproj", "{184CC48E-4D7A-4E8A-9738-4FB8BA6D1D29}"
EndProject
Project("{FAE04EC0-301F-11D3-BF4B-00C04F79EFBC}") = "IAM.Application", "IAM\src\Application\IAM.Application\IAM.Application.csproj", "{D2D19720-30F6-4367-A11C-02A75DCB6ACE}"
EndProject
Project("{FAE04EC0-301F-11D3-BF4B-00C04F79EFBC}") = "IAM.Application.Contracts", "IAM\src\Application\IAM.Application.Contracts\IAM.Application.Contracts.csproj", "{7FA9A484-6738-4209-BDFE-0CFB9B00AA57}"
EndProject
Project("{FAE04EC0-301F-11D3-BF4B-00C04F79EFBC}") = "IAM.Domain", "IAM\src\Domain\IAM.Domain\IAM.Domain.csproj", "{3365A3CF-BF61-48A2-9CF9-A71463FEC5FC}"
EndProject
Project("{FAE04EC0-301F-11D3-BF4B-00C04F79EFBC}") = "IAM.Query", "IAM\src\Infrastructure\IAM.Query\IAM.Query.csproj", "{F5254D89-1126-413B-9E2F-25798DA41634}"
EndProject
Project("{FAE04EC0-301F-11D3-BF4B-00C04F79EFBC}") = "IAM.Persistence.EF", "IAM\src\Infrastructure\IAM.Persistence.EF\IAM.Persistence.EF.csproj", "{051B0941-AF41-4998-9477-F7325118D718}"
EndProject
Project("{FAE04EC0-301F-11D3-BF4B-00C04F79EFBC}") = "IAM.Query.Model", "IAM\src\Infrastructure\IAM.Query.Model\IAM.Query.Model.csproj", "{0DCF37CF-FA20-4E4E-854E-433B1E3BF119}"
EndProject
Project("{FAE04EC0-301F-11D3-BF4B-00C04F79EFBC}") = "IAM.Web", "IAM\src\Presentation\IAM.Web\IAM.Web.csproj", "{3C7F1353-BBDB-44CF-91AE-31D475C21DF0}"
EndProject
Project("{FAE04EC0-301F-11D3-BF4B-00C04F79EFBC}") = "IAM.Management.Api", "IAM\src\Presentation\IAM.Management.Api\IAM.Management.Api.csproj", "{9D408ECB-95F3-482D-BD94-8FFCCD339F09}"
EndProject
Project("{FAE04EC0-301F-11D3-BF4B-00C04F79EFBC}") = "IAM.Application.Tests.Unit", "IAM\tests\IAM.Application.Tests.Unit\IAM.Application.Tests.Unit.csproj", "{F02380EB-F202-4B20-8B47-EDEFB0B92886}"
EndProject
Project("{FAE04EC0-301F-11D3-BF4B-00C04F79EFBC}") = "IAM.Domain.Tests.Unit", "IAM\tests\IAM.Domain.Tests.Unit\IAM.Domain.Tests.Unit.csproj", "{5C344A93-8F2B-4476-B7F7-D8DFB6E6C7DC}"
EndProject
Project("{FAE04EC0-301F-11D3-BF4B-00C04F79EFBC}") = "IAM.Spec", "IAM\tests\IAM.Spec\IAM.Spec.csproj", "{96DA98FC-7B88-46FB-9907-1D4A579D1ADB}"
EndProject
Project("{2150E333-8FDC-42A3-9474-1A3956D46DE8}") = "Application", "Application", "{02941AB3-F272-4BAA-A540-2D85CCD7E64F}"
EndProject
Project("{2150E333-8FDC-42A3-9474-1A3956D46DE8}") = "Domain", "Domain", "{0465D544-A106-4D99-B5A5-C405A0CE65A4}"
EndProject
Project("{2150E333-8FDC-42A3-9474-1A3956D46DE8}") = "Infrastructure", "Infrastructure", "{22535AA4-BF61-4362-90BE-9A399A18828A}"
EndProject
Project("{2150E333-8FDC-42A3-9474-1A3956D46DE8}") = "Presentation", "Presentation", "{9C85AC97-3684-402A-B534-A51684749D0F}"
EndProject
Project("{FAE04EC0-301F-11D3-BF4B-00C04F79EFBC}") = "Catalog.Application", "Catalog\src\Application\Catalog.Application\Catalog.Application.csproj", "{05F8ECA9-16CA-4B46-BB89-2D572D5E27AC}"
EndProject
Project("{FAE04EC0-301F-11D3-BF4B-00C04F79EFBC}") = "Catalog.Application.Contracts", "Catalog\src\Application\Catalog.Application.Contracts\Catalog.Application.Contracts.csproj", "{F2721CB3-0F13-4297-9409-8DB6D3F697E9}"
EndProject
Project("{FAE04EC0-301F-11D3-BF4B-00C04F79EFBC}") = "Catalog.Domain", "Catalog\src\Domain\Catalog.Domain\Catalog.Domain.csproj", "{C88DA2B0-247B-41F9-859A-B2AF4629E00E}"
EndProject
Project("{FAE04EC0-301F-11D3-BF4B-00C04F79EFBC}") = "Catalog.Query", "Catalog\src\Infrastructure\Catalog.Query\Catalog.Query.csproj", "{B81C7396-F06D-4674-B02E-CFBB61D10CC8}"
EndProject
Project("{FAE04EC0-301F-11D3-BF4B-00C04F79EFBC}") = "Catalog.Query.Model", "Catalog\src\Infrastructure\Catalog.Query.Model\Catalog.Query.Model.csproj", "{9E243E3E-FC57-4690-91DE-8CEF794B4980}"
EndProject
Project("{FAE04EC0-301F-11D3-BF4B-00C04F79EFBC}") = "Catalog.Persistence.Mongo", "Catalog\src\Infrastructure\Catalog.Persistence.Mongo\Catalog.Persistence.Mongo.csproj", "{A448F357-14F9-48B4-B6E0-B4E98164FA76}"
EndProject
Project("{FAE04EC0-301F-11D3-BF4B-00C04F79EFBC}") = "Catalog.Api", "Catalog\src\Presentation\Catalog.Api\Catalog.Api.csproj", "{8C93DBCA-BFD7-45B9-A8FE-9565896B3A46}"
EndProject
Project("{FAE04EC0-301F-11D3-BF4B-00C04F79EFBC}") = "Catalog.Management.Api", "Catalog\src\Presentation\Catalog.Management.Api\Catalog.Management.Api.csproj", "{3A835340-C61B-474F-9DA0-5086DD9C6E81}"
EndProject
Project("{FAE04EC0-301F-11D3-BF4B-00C04F79EFBC}") = "Catalog.Dpplication.Tests.Unit", "Catalog\tests\Catalog.Dpplication.Tests.Unit\Catalog.Dpplication.Tests.Unit.csproj", "{FD309685-F4A5-4A81-9C71-0DA4940C3B83}"
EndProject
Project("{FAE04EC0-301F-11D3-BF4B-00C04F79EFBC}") = "Catalog.Domain.Tests.Unit", "Catalog\tests\Catalog.Domain.Tests.Unit\Catalog.Domain.Tests.Unit.csproj", "{C1A6ED7C-6F25-4FC9-AA5C-0D70C8C09684}"
EndProject
Project("{FAE04EC0-301F-11D3-BF4B-00C04F79EFBC}") = "Catalog.Spec", "Catalog\tests\Catalog.Spec\Catalog.Spec.csproj", "{DE5D5966-37BA-46C0-9A2B-3E7640409323}"
EndProject
Project("{FAE04EC0-301F-11D3-BF4B-00C04F79EFBC}") = "ApiGateway.Ocelot", "ApiGateway\ApiGateway.Ocelot\ApiGateway.Ocelot.csproj", "{44727C62-6C93-441C-914A-EFE4E206D5B3}"
EndProject
Project("{2150E333-8FDC-42A3-9474-1A3956D46DE8}") = "src", "src", "{625FA509-AB27-42F0-8C9E-CC4E999BB19F}"
EndProject
Project("{2150E333-8FDC-42A3-9474-1A3956D46DE8}") = "tests", "tests", "{B208668E-C3A4-4E09-A299-FA05BCDFF1DC}"
EndProject
Project("{FAE04EC0-301F-11D3-BF4B-00C04F79EFBC}") = "Anshan.Api", "Framework\src\Anshan.Api\Anshan.Api.csproj", "{A18D24CF-7B62-4E05-9577-32309FF164D6}"
EndProject
Project("{FAE04EC0-301F-11D3-BF4B-00C04F79EFBC}") = "Anshan.Application", "Framework\src\Anshan.Application\Anshan.Application.csproj", "{1C5B4DD7-6B6E-4781-A369-C9D7FEFB828B}"
EndProject
Project("{FAE04EC0-301F-11D3-BF4B-00C04F79EFBC}") = "Anshan.Collections", "Framework\src\Anshan.Collections\Anshan.Collections.csproj", "{3B049973-95C5-4749-9438-AC250BA4E975}"
EndProject
Project("{FAE04EC0-301F-11D3-BF4B-00C04F79EFBC}") = "Anshan.Core", "Framework\src\Anshan.Core\Anshan.Core.csproj", "{5646B90D-1718-4FF7-8C7C-C55692433CEF}"
EndProject
Project("{FAE04EC0-301F-11D3-BF4B-00C04F79EFBC}") = "Anshan.Data", "Framework\src\Anshan.Data\Anshan.Data.csproj", "{C5239EF4-BBCB-41C5-ABF2-2F0609BF1DB8}"
EndProject
Project("{FAE04EC0-301F-11D3-BF4B-00C04F79EFBC}") = "Anshan.Domain", "Framework\src\Anshan.Domain\Anshan.Domain.csproj", "{A7BF0199-A4E2-4810-A175-B212D8DEBB20}"
EndProject
Project("{FAE04EC0-301F-11D3-BF4B-00C04F79EFBC}") = "Anshan.EF", "Framework\src\Anshan.EF\Anshan.EF.csproj", "{75CA149E-02E7-4DA3-BC98-81E0A4C5CAAD}"
EndProject
Project("{FAE04EC0-301F-11D3-BF4B-00C04F79EFBC}") = "Anshan.Extensions", "Framework\src\Anshan.Extensions\Anshan.Extensions.csproj", "{2034BE99-7DF1-4A16-B74B-DF673D60A825}"
EndProject
Project("{FAE04EC0-301F-11D3-BF4B-00C04F79EFBC}") = "Anshan.Log.Serilog", "Framework\src\Anshan.Log.Serilog\Anshan.Log.Serilog.csproj", "{EA60D763-9E93-4983-9EA5-E170E7E1F802}"
EndProject
Project("{FAE04EC0-301F-11D3-BF4B-00C04F79EFBC}") = "Anshan.Mapper", "Framework\src\Anshan.Mapper\Anshan.Mapper.csproj", "{21BFBD41-FC24-40A0-9CF8-D19A8D9B46B2}"
EndProject
Project("{FAE04EC0-301F-11D3-BF4B-00C04F79EFBC}") = "Anshan.MicrosoftDI.Extensions", "Framework\src\Anshan.MicrosoftDI.Extensions\Anshan.MicrosoftDI.Extensions.csproj", "{03F06BB2-2AAD-4D37-B4E9-11848FBB0598}"
EndProject
Project("{FAE04EC0-301F-11D3-BF4B-00C04F79EFBC}") = "Anshan.Mongo", "Framework\src\Anshan.Mongo\Anshan.Mongo.csproj", "{8E849CA5-5597-43DF-9129-B448CBF1C09F}"
EndProject
Project("{FAE04EC0-301F-11D3-BF4B-00C04F79EFBC}") = "Anshan.Permission", "Framework\src\Anshan.Permission\Anshan.Permission.csproj", "{EA0798B3-3C53-49E2-B167-5BF885303C8C}"
EndProject
Project("{FAE04EC0-301F-11D3-BF4B-00C04F79EFBC}") = "Anshan.Persistence", "Framework\src\Anshan.Persistence\Anshan.Persistence.csproj", "{6DD2B9BE-0118-43F4-B1DD-41BBF534F91F}"
EndProject
Project("{FAE04EC0-301F-11D3-BF4B-00C04F79EFBC}") = "Anshan.Query", "Framework\src\Anshan.Query\Anshan.Query.csproj", "{B03EE085-846B-416E-A9C9-A19E0805BF46}"
EndProject
Project("{FAE04EC0-301F-11D3-BF4B-00C04F79EFBC}") = "Anshan.Security", "Framework\src\Anshan.Security\Anshan.Security.csproj", "{56366B20-CDDD-4C9A-BA82-DA696446BF3B}"
EndProject
Project("{FAE04EC0-301F-11D3-BF4B-00C04F79EFBC}") = "Anshan.Test", "Framework\src\Anshan.Test\Anshan.Test.csproj", "{96F994EE-2845-4137-B15C-C67C3DE62A05}"
EndProject
Project("{FAE04EC0-301F-11D3-BF4B-00C04F79EFBC}") = "Anshan.Validator", "Framework\src\Anshan.Validator\Anshan.Validator.csproj", "{B8002235-3AFB-4F3A-B0CA-2A14B76D689E}"
EndProject
Project("{FAE04EC0-301F-11D3-BF4B-00C04F79EFBC}") = "Anshan.LiteBus", "Framework\src\Anshan.LiteBus\Anshan.LiteBus.csproj", "{3836FFC7-5E49-4B39-BCCA-479C6235A5D5}"
EndProject
Global
	GlobalSection(SolutionConfigurationPlatforms) = preSolution
		Debug|Any CPU = Debug|Any CPU
		Release|Any CPU = Release|Any CPU
	EndGlobalSection
	GlobalSection(NestedProjects) = preSolution
		{00F4280F-C396-4B40-AB6F-80CA353D60B8} = {2FAE3F70-AFB3-49AC-8415-5FD09411280C}
		{BD47DA98-238E-4DE7-B3B6-59FFEC005FA2} = {2FAE3F70-AFB3-49AC-8415-5FD09411280C}
		{D271D724-FEBB-4232-9A94-2760E30288FC} = {6B0D399B-8606-4414-A16D-49A1F1C3FDB0}
		{B39E9B51-F82F-4BD1-9376-28F61E956F41} = {6B0D399B-8606-4414-A16D-49A1F1C3FDB0}
		{80C5177C-F2E6-4783-98FA-A753356DD37D} = {E511C6C8-E9C7-48DF-AC45-721B73714295}
		{688822A6-F4EC-4DD3-AC0A-5A8F754E9EA6} = {E511C6C8-E9C7-48DF-AC45-721B73714295}
		{AB27AE65-5DEF-4EF2-A203-6D3D5CF4828B} = {00F4280F-C396-4B40-AB6F-80CA353D60B8}
		{ED2B61B1-3239-4070-8DBB-073BE5817D12} = {00F4280F-C396-4B40-AB6F-80CA353D60B8}
		{5838E4F8-B7D8-4F59-BC73-F277C342A4FA} = {00F4280F-C396-4B40-AB6F-80CA353D60B8}
		{9EF581E5-F260-4E0F-82C7-54DE8B1E6634} = {00F4280F-C396-4B40-AB6F-80CA353D60B8}
		{E6DA3862-6ADB-4C6E-B17D-1DB1F4E11501} = {AB27AE65-5DEF-4EF2-A203-6D3D5CF4828B}
		{DF4016B6-6700-4778-84F8-ECA8B9A45048} = {AB27AE65-5DEF-4EF2-A203-6D3D5CF4828B}
		{B68D9FB0-06C5-4E70-8651-4EFC2E9E9678} = {ED2B61B1-3239-4070-8DBB-073BE5817D12}
		{8B2D3553-0EB6-4B14-84F9-4E2B86ACDC0F} = {5838E4F8-B7D8-4F59-BC73-F277C342A4FA}
		{CA738EC8-AC43-46DF-BDAD-DECA0C1F961A} = {5838E4F8-B7D8-4F59-BC73-F277C342A4FA}
		{8920AF0E-0BEF-48F2-AAE7-CE91CC23647A} = {5838E4F8-B7D8-4F59-BC73-F277C342A4FA}
		{636BD69E-DA76-473F-9A53-BF84C9692D6B} = {9EF581E5-F260-4E0F-82C7-54DE8B1E6634}
		{D43F28D7-D09D-4B20-8F48-F83F52A61CA1} = {9EF581E5-F260-4E0F-82C7-54DE8B1E6634}
		{874C1780-760F-4622-A1B4-941CE2A8FAAD} = {D271D724-FEBB-4232-9A94-2760E30288FC}
		{787C99CB-DB56-441F-8E3E-6AB0278A98A0} = {D271D724-FEBB-4232-9A94-2760E30288FC}
		{7F2CCCF0-0CB6-4370-8FB5-6DAC7D164FA2} = {D271D724-FEBB-4232-9A94-2760E30288FC}
		{4BF9494E-AA4B-4DCA-8960-19ED51B5A5C2} = {D271D724-FEBB-4232-9A94-2760E30288FC}
		{A27924EC-3699-4A6D-ACF0-70AA06DA78F6} = {BD47DA98-238E-4DE7-B3B6-59FFEC005FA2}
		{A494C8F0-3AB8-487D-9497-F48F3D284FA6} = {BD47DA98-238E-4DE7-B3B6-59FFEC005FA2}
		{184CC48E-4D7A-4E8A-9738-4FB8BA6D1D29} = {BD47DA98-238E-4DE7-B3B6-59FFEC005FA2}
		{D2D19720-30F6-4367-A11C-02A75DCB6ACE} = {874C1780-760F-4622-A1B4-941CE2A8FAAD}
		{7FA9A484-6738-4209-BDFE-0CFB9B00AA57} = {874C1780-760F-4622-A1B4-941CE2A8FAAD}
		{3365A3CF-BF61-48A2-9CF9-A71463FEC5FC} = {787C99CB-DB56-441F-8E3E-6AB0278A98A0}
		{F5254D89-1126-413B-9E2F-25798DA41634} = {7F2CCCF0-0CB6-4370-8FB5-6DAC7D164FA2}
		{051B0941-AF41-4998-9477-F7325118D718} = {7F2CCCF0-0CB6-4370-8FB5-6DAC7D164FA2}
		{0DCF37CF-FA20-4E4E-854E-433B1E3BF119} = {7F2CCCF0-0CB6-4370-8FB5-6DAC7D164FA2}
		{3C7F1353-BBDB-44CF-91AE-31D475C21DF0} = {4BF9494E-AA4B-4DCA-8960-19ED51B5A5C2}
		{9D408ECB-95F3-482D-BD94-8FFCCD339F09} = {4BF9494E-AA4B-4DCA-8960-19ED51B5A5C2}
		{F02380EB-F202-4B20-8B47-EDEFB0B92886} = {B39E9B51-F82F-4BD1-9376-28F61E956F41}
		{5C344A93-8F2B-4476-B7F7-D8DFB6E6C7DC} = {B39E9B51-F82F-4BD1-9376-28F61E956F41}
		{96DA98FC-7B88-46FB-9907-1D4A579D1ADB} = {B39E9B51-F82F-4BD1-9376-28F61E956F41}
		{02941AB3-F272-4BAA-A540-2D85CCD7E64F} = {80C5177C-F2E6-4783-98FA-A753356DD37D}
		{0465D544-A106-4D99-B5A5-C405A0CE65A4} = {80C5177C-F2E6-4783-98FA-A753356DD37D}
		{22535AA4-BF61-4362-90BE-9A399A18828A} = {80C5177C-F2E6-4783-98FA-A753356DD37D}
		{9C85AC97-3684-402A-B534-A51684749D0F} = {80C5177C-F2E6-4783-98FA-A753356DD37D}
		{05F8ECA9-16CA-4B46-BB89-2D572D5E27AC} = {02941AB3-F272-4BAA-A540-2D85CCD7E64F}
		{F2721CB3-0F13-4297-9409-8DB6D3F697E9} = {02941AB3-F272-4BAA-A540-2D85CCD7E64F}
		{C88DA2B0-247B-41F9-859A-B2AF4629E00E} = {0465D544-A106-4D99-B5A5-C405A0CE65A4}
		{B81C7396-F06D-4674-B02E-CFBB61D10CC8} = {22535AA4-BF61-4362-90BE-9A399A18828A}
		{9E243E3E-FC57-4690-91DE-8CEF794B4980} = {22535AA4-BF61-4362-90BE-9A399A18828A}
		{A448F357-14F9-48B4-B6E0-B4E98164FA76} = {22535AA4-BF61-4362-90BE-9A399A18828A}
		{8C93DBCA-BFD7-45B9-A8FE-9565896B3A46} = {9C85AC97-3684-402A-B534-A51684749D0F}
		{3A835340-C61B-474F-9DA0-5086DD9C6E81} = {9C85AC97-3684-402A-B534-A51684749D0F}
		{FD309685-F4A5-4A81-9C71-0DA4940C3B83} = {688822A6-F4EC-4DD3-AC0A-5A8F754E9EA6}
		{C1A6ED7C-6F25-4FC9-AA5C-0D70C8C09684} = {688822A6-F4EC-4DD3-AC0A-5A8F754E9EA6}
		{DE5D5966-37BA-46C0-9A2B-3E7640409323} = {688822A6-F4EC-4DD3-AC0A-5A8F754E9EA6}
		{44727C62-6C93-441C-914A-EFE4E206D5B3} = {CF4FD077-0215-4F81-8B40-62B9DAC4700A}
		{625FA509-AB27-42F0-8C9E-CC4E999BB19F} = {C9A2E292-7695-4BFB-8C28-6FAE175E64F5}
		{B208668E-C3A4-4E09-A299-FA05BCDFF1DC} = {C9A2E292-7695-4BFB-8C28-6FAE175E64F5}
		{A18D24CF-7B62-4E05-9577-32309FF164D6} = {625FA509-AB27-42F0-8C9E-CC4E999BB19F}
		{1C5B4DD7-6B6E-4781-A369-C9D7FEFB828B} = {625FA509-AB27-42F0-8C9E-CC4E999BB19F}
		{3B049973-95C5-4749-9438-AC250BA4E975} = {625FA509-AB27-42F0-8C9E-CC4E999BB19F}
		{5646B90D-1718-4FF7-8C7C-C55692433CEF} = {625FA509-AB27-42F0-8C9E-CC4E999BB19F}
		{C5239EF4-BBCB-41C5-ABF2-2F0609BF1DB8} = {625FA509-AB27-42F0-8C9E-CC4E999BB19F}
		{A7BF0199-A4E2-4810-A175-B212D8DEBB20} = {625FA509-AB27-42F0-8C9E-CC4E999BB19F}
		{75CA149E-02E7-4DA3-BC98-81E0A4C5CAAD} = {625FA509-AB27-42F0-8C9E-CC4E999BB19F}
		{2034BE99-7DF1-4A16-B74B-DF673D60A825} = {625FA509-AB27-42F0-8C9E-CC4E999BB19F}
		{EA60D763-9E93-4983-9EA5-E170E7E1F802} = {625FA509-AB27-42F0-8C9E-CC4E999BB19F}
		{21BFBD41-FC24-40A0-9CF8-D19A8D9B46B2} = {625FA509-AB27-42F0-8C9E-CC4E999BB19F}
		{03F06BB2-2AAD-4D37-B4E9-11848FBB0598} = {625FA509-AB27-42F0-8C9E-CC4E999BB19F}
		{8E849CA5-5597-43DF-9129-B448CBF1C09F} = {625FA509-AB27-42F0-8C9E-CC4E999BB19F}
		{EA0798B3-3C53-49E2-B167-5BF885303C8C} = {625FA509-AB27-42F0-8C9E-CC4E999BB19F}
		{6DD2B9BE-0118-43F4-B1DD-41BBF534F91F} = {625FA509-AB27-42F0-8C9E-CC4E999BB19F}
		{B03EE085-846B-416E-A9C9-A19E0805BF46} = {625FA509-AB27-42F0-8C9E-CC4E999BB19F}
		{56366B20-CDDD-4C9A-BA82-DA696446BF3B} = {625FA509-AB27-42F0-8C9E-CC4E999BB19F}
		{96F994EE-2845-4137-B15C-C67C3DE62A05} = {625FA509-AB27-42F0-8C9E-CC4E999BB19F}
		{B8002235-3AFB-4F3A-B0CA-2A14B76D689E} = {625FA509-AB27-42F0-8C9E-CC4E999BB19F}
		{3836FFC7-5E49-4B39-BCCA-479C6235A5D5} = {625FA509-AB27-42F0-8C9E-CC4E999BB19F}
	EndGlobalSection
	GlobalSection(ProjectConfigurationPlatforms) = postSolution
		{E6DA3862-6ADB-4C6E-B17D-1DB1F4E11501}.Debug|Any CPU.ActiveCfg = Debug|Any CPU
		{E6DA3862-6ADB-4C6E-B17D-1DB1F4E11501}.Debug|Any CPU.Build.0 = Debug|Any CPU
		{E6DA3862-6ADB-4C6E-B17D-1DB1F4E11501}.Release|Any CPU.ActiveCfg = Release|Any CPU
		{E6DA3862-6ADB-4C6E-B17D-1DB1F4E11501}.Release|Any CPU.Build.0 = Release|Any CPU
		{DF4016B6-6700-4778-84F8-ECA8B9A45048}.Debug|Any CPU.ActiveCfg = Debug|Any CPU
		{DF4016B6-6700-4778-84F8-ECA8B9A45048}.Debug|Any CPU.Build.0 = Debug|Any CPU
		{DF4016B6-6700-4778-84F8-ECA8B9A45048}.Release|Any CPU.ActiveCfg = Release|Any CPU
		{DF4016B6-6700-4778-84F8-ECA8B9A45048}.Release|Any CPU.Build.0 = Release|Any CPU
		{B68D9FB0-06C5-4E70-8651-4EFC2E9E9678}.Debug|Any CPU.ActiveCfg = Debug|Any CPU
		{B68D9FB0-06C5-4E70-8651-4EFC2E9E9678}.Debug|Any CPU.Build.0 = Debug|Any CPU
		{B68D9FB0-06C5-4E70-8651-4EFC2E9E9678}.Release|Any CPU.ActiveCfg = Release|Any CPU
		{B68D9FB0-06C5-4E70-8651-4EFC2E9E9678}.Release|Any CPU.Build.0 = Release|Any CPU
		{8B2D3553-0EB6-4B14-84F9-4E2B86ACDC0F}.Debug|Any CPU.ActiveCfg = Debug|Any CPU
		{8B2D3553-0EB6-4B14-84F9-4E2B86ACDC0F}.Debug|Any CPU.Build.0 = Debug|Any CPU
		{8B2D3553-0EB6-4B14-84F9-4E2B86ACDC0F}.Release|Any CPU.ActiveCfg = Release|Any CPU
		{8B2D3553-0EB6-4B14-84F9-4E2B86ACDC0F}.Release|Any CPU.Build.0 = Release|Any CPU
		{CA738EC8-AC43-46DF-BDAD-DECA0C1F961A}.Debug|Any CPU.ActiveCfg = Debug|Any CPU
		{CA738EC8-AC43-46DF-BDAD-DECA0C1F961A}.Debug|Any CPU.Build.0 = Debug|Any CPU
		{CA738EC8-AC43-46DF-BDAD-DECA0C1F961A}.Release|Any CPU.ActiveCfg = Release|Any CPU
		{CA738EC8-AC43-46DF-BDAD-DECA0C1F961A}.Release|Any CPU.Build.0 = Release|Any CPU
		{8920AF0E-0BEF-48F2-AAE7-CE91CC23647A}.Debug|Any CPU.ActiveCfg = Debug|Any CPU
		{8920AF0E-0BEF-48F2-AAE7-CE91CC23647A}.Debug|Any CPU.Build.0 = Debug|Any CPU
		{8920AF0E-0BEF-48F2-AAE7-CE91CC23647A}.Release|Any CPU.ActiveCfg = Release|Any CPU
		{8920AF0E-0BEF-48F2-AAE7-CE91CC23647A}.Release|Any CPU.Build.0 = Release|Any CPU
		{636BD69E-DA76-473F-9A53-BF84C9692D6B}.Debug|Any CPU.ActiveCfg = Debug|Any CPU
		{636BD69E-DA76-473F-9A53-BF84C9692D6B}.Debug|Any CPU.Build.0 = Debug|Any CPU
		{636BD69E-DA76-473F-9A53-BF84C9692D6B}.Release|Any CPU.ActiveCfg = Release|Any CPU
		{636BD69E-DA76-473F-9A53-BF84C9692D6B}.Release|Any CPU.Build.0 = Release|Any CPU
		{D43F28D7-D09D-4B20-8F48-F83F52A61CA1}.Debug|Any CPU.ActiveCfg = Debug|Any CPU
		{D43F28D7-D09D-4B20-8F48-F83F52A61CA1}.Debug|Any CPU.Build.0 = Debug|Any CPU
		{D43F28D7-D09D-4B20-8F48-F83F52A61CA1}.Release|Any CPU.ActiveCfg = Release|Any CPU
		{D43F28D7-D09D-4B20-8F48-F83F52A61CA1}.Release|Any CPU.Build.0 = Release|Any CPU
		{A27924EC-3699-4A6D-ACF0-70AA06DA78F6}.Debug|Any CPU.ActiveCfg = Debug|Any CPU
		{A27924EC-3699-4A6D-ACF0-70AA06DA78F6}.Debug|Any CPU.Build.0 = Debug|Any CPU
		{A27924EC-3699-4A6D-ACF0-70AA06DA78F6}.Release|Any CPU.ActiveCfg = Release|Any CPU
		{A27924EC-3699-4A6D-ACF0-70AA06DA78F6}.Release|Any CPU.Build.0 = Release|Any CPU
		{A494C8F0-3AB8-487D-9497-F48F3D284FA6}.Debug|Any CPU.ActiveCfg = Debug|Any CPU
		{A494C8F0-3AB8-487D-9497-F48F3D284FA6}.Debug|Any CPU.Build.0 = Debug|Any CPU
		{A494C8F0-3AB8-487D-9497-F48F3D284FA6}.Release|Any CPU.ActiveCfg = Release|Any CPU
		{A494C8F0-3AB8-487D-9497-F48F3D284FA6}.Release|Any CPU.Build.0 = Release|Any CPU
		{184CC48E-4D7A-4E8A-9738-4FB8BA6D1D29}.Debug|Any CPU.ActiveCfg = Debug|Any CPU
		{184CC48E-4D7A-4E8A-9738-4FB8BA6D1D29}.Debug|Any CPU.Build.0 = Debug|Any CPU
		{184CC48E-4D7A-4E8A-9738-4FB8BA6D1D29}.Release|Any CPU.ActiveCfg = Release|Any CPU
		{184CC48E-4D7A-4E8A-9738-4FB8BA6D1D29}.Release|Any CPU.Build.0 = Release|Any CPU
		{D2D19720-30F6-4367-A11C-02A75DCB6ACE}.Debug|Any CPU.ActiveCfg = Debug|Any CPU
		{D2D19720-30F6-4367-A11C-02A75DCB6ACE}.Debug|Any CPU.Build.0 = Debug|Any CPU
		{D2D19720-30F6-4367-A11C-02A75DCB6ACE}.Release|Any CPU.ActiveCfg = Release|Any CPU
		{D2D19720-30F6-4367-A11C-02A75DCB6ACE}.Release|Any CPU.Build.0 = Release|Any CPU
		{7FA9A484-6738-4209-BDFE-0CFB9B00AA57}.Debug|Any CPU.ActiveCfg = Debug|Any CPU
		{7FA9A484-6738-4209-BDFE-0CFB9B00AA57}.Debug|Any CPU.Build.0 = Debug|Any CPU
		{7FA9A484-6738-4209-BDFE-0CFB9B00AA57}.Release|Any CPU.ActiveCfg = Release|Any CPU
		{7FA9A484-6738-4209-BDFE-0CFB9B00AA57}.Release|Any CPU.Build.0 = Release|Any CPU
		{3365A3CF-BF61-48A2-9CF9-A71463FEC5FC}.Debug|Any CPU.ActiveCfg = Debug|Any CPU
		{3365A3CF-BF61-48A2-9CF9-A71463FEC5FC}.Debug|Any CPU.Build.0 = Debug|Any CPU
		{3365A3CF-BF61-48A2-9CF9-A71463FEC5FC}.Release|Any CPU.ActiveCfg = Release|Any CPU
		{3365A3CF-BF61-48A2-9CF9-A71463FEC5FC}.Release|Any CPU.Build.0 = Release|Any CPU
		{F5254D89-1126-413B-9E2F-25798DA41634}.Debug|Any CPU.ActiveCfg = Debug|Any CPU
		{F5254D89-1126-413B-9E2F-25798DA41634}.Debug|Any CPU.Build.0 = Debug|Any CPU
		{F5254D89-1126-413B-9E2F-25798DA41634}.Release|Any CPU.ActiveCfg = Release|Any CPU
		{F5254D89-1126-413B-9E2F-25798DA41634}.Release|Any CPU.Build.0 = Release|Any CPU
		{051B0941-AF41-4998-9477-F7325118D718}.Debug|Any CPU.ActiveCfg = Debug|Any CPU
		{051B0941-AF41-4998-9477-F7325118D718}.Debug|Any CPU.Build.0 = Debug|Any CPU
		{051B0941-AF41-4998-9477-F7325118D718}.Release|Any CPU.ActiveCfg = Release|Any CPU
		{051B0941-AF41-4998-9477-F7325118D718}.Release|Any CPU.Build.0 = Release|Any CPU
		{0DCF37CF-FA20-4E4E-854E-433B1E3BF119}.Debug|Any CPU.ActiveCfg = Debug|Any CPU
		{0DCF37CF-FA20-4E4E-854E-433B1E3BF119}.Debug|Any CPU.Build.0 = Debug|Any CPU
		{0DCF37CF-FA20-4E4E-854E-433B1E3BF119}.Release|Any CPU.ActiveCfg = Release|Any CPU
		{0DCF37CF-FA20-4E4E-854E-433B1E3BF119}.Release|Any CPU.Build.0 = Release|Any CPU
		{3C7F1353-BBDB-44CF-91AE-31D475C21DF0}.Debug|Any CPU.ActiveCfg = Debug|Any CPU
		{3C7F1353-BBDB-44CF-91AE-31D475C21DF0}.Debug|Any CPU.Build.0 = Debug|Any CPU
		{3C7F1353-BBDB-44CF-91AE-31D475C21DF0}.Release|Any CPU.ActiveCfg = Release|Any CPU
		{3C7F1353-BBDB-44CF-91AE-31D475C21DF0}.Release|Any CPU.Build.0 = Release|Any CPU
		{9D408ECB-95F3-482D-BD94-8FFCCD339F09}.Debug|Any CPU.ActiveCfg = Debug|Any CPU
		{9D408ECB-95F3-482D-BD94-8FFCCD339F09}.Debug|Any CPU.Build.0 = Debug|Any CPU
		{9D408ECB-95F3-482D-BD94-8FFCCD339F09}.Release|Any CPU.ActiveCfg = Release|Any CPU
		{9D408ECB-95F3-482D-BD94-8FFCCD339F09}.Release|Any CPU.Build.0 = Release|Any CPU
		{F02380EB-F202-4B20-8B47-EDEFB0B92886}.Debug|Any CPU.ActiveCfg = Debug|Any CPU
		{F02380EB-F202-4B20-8B47-EDEFB0B92886}.Debug|Any CPU.Build.0 = Debug|Any CPU
		{F02380EB-F202-4B20-8B47-EDEFB0B92886}.Release|Any CPU.ActiveCfg = Release|Any CPU
		{F02380EB-F202-4B20-8B47-EDEFB0B92886}.Release|Any CPU.Build.0 = Release|Any CPU
		{5C344A93-8F2B-4476-B7F7-D8DFB6E6C7DC}.Debug|Any CPU.ActiveCfg = Debug|Any CPU
		{5C344A93-8F2B-4476-B7F7-D8DFB6E6C7DC}.Debug|Any CPU.Build.0 = Debug|Any CPU
		{5C344A93-8F2B-4476-B7F7-D8DFB6E6C7DC}.Release|Any CPU.ActiveCfg = Release|Any CPU
		{5C344A93-8F2B-4476-B7F7-D8DFB6E6C7DC}.Release|Any CPU.Build.0 = Release|Any CPU
		{96DA98FC-7B88-46FB-9907-1D4A579D1ADB}.Debug|Any CPU.ActiveCfg = Debug|Any CPU
		{96DA98FC-7B88-46FB-9907-1D4A579D1ADB}.Debug|Any CPU.Build.0 = Debug|Any CPU
		{96DA98FC-7B88-46FB-9907-1D4A579D1ADB}.Release|Any CPU.ActiveCfg = Release|Any CPU
		{96DA98FC-7B88-46FB-9907-1D4A579D1ADB}.Release|Any CPU.Build.0 = Release|Any CPU
		{05F8ECA9-16CA-4B46-BB89-2D572D5E27AC}.Debug|Any CPU.ActiveCfg = Debug|Any CPU
		{05F8ECA9-16CA-4B46-BB89-2D572D5E27AC}.Debug|Any CPU.Build.0 = Debug|Any CPU
		{05F8ECA9-16CA-4B46-BB89-2D572D5E27AC}.Release|Any CPU.ActiveCfg = Release|Any CPU
		{05F8ECA9-16CA-4B46-BB89-2D572D5E27AC}.Release|Any CPU.Build.0 = Release|Any CPU
		{F2721CB3-0F13-4297-9409-8DB6D3F697E9}.Debug|Any CPU.ActiveCfg = Debug|Any CPU
		{F2721CB3-0F13-4297-9409-8DB6D3F697E9}.Debug|Any CPU.Build.0 = Debug|Any CPU
		{F2721CB3-0F13-4297-9409-8DB6D3F697E9}.Release|Any CPU.ActiveCfg = Release|Any CPU
		{F2721CB3-0F13-4297-9409-8DB6D3F697E9}.Release|Any CPU.Build.0 = Release|Any CPU
		{C88DA2B0-247B-41F9-859A-B2AF4629E00E}.Debug|Any CPU.ActiveCfg = Debug|Any CPU
		{C88DA2B0-247B-41F9-859A-B2AF4629E00E}.Debug|Any CPU.Build.0 = Debug|Any CPU
		{C88DA2B0-247B-41F9-859A-B2AF4629E00E}.Release|Any CPU.ActiveCfg = Release|Any CPU
		{C88DA2B0-247B-41F9-859A-B2AF4629E00E}.Release|Any CPU.Build.0 = Release|Any CPU
		{B81C7396-F06D-4674-B02E-CFBB61D10CC8}.Debug|Any CPU.ActiveCfg = Debug|Any CPU
		{B81C7396-F06D-4674-B02E-CFBB61D10CC8}.Debug|Any CPU.Build.0 = Debug|Any CPU
		{B81C7396-F06D-4674-B02E-CFBB61D10CC8}.Release|Any CPU.ActiveCfg = Release|Any CPU
		{B81C7396-F06D-4674-B02E-CFBB61D10CC8}.Release|Any CPU.Build.0 = Release|Any CPU
		{9E243E3E-FC57-4690-91DE-8CEF794B4980}.Debug|Any CPU.ActiveCfg = Debug|Any CPU
		{9E243E3E-FC57-4690-91DE-8CEF794B4980}.Debug|Any CPU.Build.0 = Debug|Any CPU
		{9E243E3E-FC57-4690-91DE-8CEF794B4980}.Release|Any CPU.ActiveCfg = Release|Any CPU
		{9E243E3E-FC57-4690-91DE-8CEF794B4980}.Release|Any CPU.Build.0 = Release|Any CPU
		{A448F357-14F9-48B4-B6E0-B4E98164FA76}.Debug|Any CPU.ActiveCfg = Debug|Any CPU
		{A448F357-14F9-48B4-B6E0-B4E98164FA76}.Debug|Any CPU.Build.0 = Debug|Any CPU
		{A448F357-14F9-48B4-B6E0-B4E98164FA76}.Release|Any CPU.ActiveCfg = Release|Any CPU
		{A448F357-14F9-48B4-B6E0-B4E98164FA76}.Release|Any CPU.Build.0 = Release|Any CPU
		{8C93DBCA-BFD7-45B9-A8FE-9565896B3A46}.Debug|Any CPU.ActiveCfg = Debug|Any CPU
		{8C93DBCA-BFD7-45B9-A8FE-9565896B3A46}.Debug|Any CPU.Build.0 = Debug|Any CPU
		{8C93DBCA-BFD7-45B9-A8FE-9565896B3A46}.Release|Any CPU.ActiveCfg = Release|Any CPU
		{8C93DBCA-BFD7-45B9-A8FE-9565896B3A46}.Release|Any CPU.Build.0 = Release|Any CPU
		{3A835340-C61B-474F-9DA0-5086DD9C6E81}.Debug|Any CPU.ActiveCfg = Debug|Any CPU
		{3A835340-C61B-474F-9DA0-5086DD9C6E81}.Debug|Any CPU.Build.0 = Debug|Any CPU
		{3A835340-C61B-474F-9DA0-5086DD9C6E81}.Release|Any CPU.ActiveCfg = Release|Any CPU
		{3A835340-C61B-474F-9DA0-5086DD9C6E81}.Release|Any CPU.Build.0 = Release|Any CPU
		{FD309685-F4A5-4A81-9C71-0DA4940C3B83}.Debug|Any CPU.ActiveCfg = Debug|Any CPU
		{FD309685-F4A5-4A81-9C71-0DA4940C3B83}.Debug|Any CPU.Build.0 = Debug|Any CPU
		{FD309685-F4A5-4A81-9C71-0DA4940C3B83}.Release|Any CPU.ActiveCfg = Release|Any CPU
		{FD309685-F4A5-4A81-9C71-0DA4940C3B83}.Release|Any CPU.Build.0 = Release|Any CPU
		{C1A6ED7C-6F25-4FC9-AA5C-0D70C8C09684}.Debug|Any CPU.ActiveCfg = Debug|Any CPU
		{C1A6ED7C-6F25-4FC9-AA5C-0D70C8C09684}.Debug|Any CPU.Build.0 = Debug|Any CPU
		{C1A6ED7C-6F25-4FC9-AA5C-0D70C8C09684}.Release|Any CPU.ActiveCfg = Release|Any CPU
		{C1A6ED7C-6F25-4FC9-AA5C-0D70C8C09684}.Release|Any CPU.Build.0 = Release|Any CPU
		{DE5D5966-37BA-46C0-9A2B-3E7640409323}.Debug|Any CPU.ActiveCfg = Debug|Any CPU
		{DE5D5966-37BA-46C0-9A2B-3E7640409323}.Debug|Any CPU.Build.0 = Debug|Any CPU
		{DE5D5966-37BA-46C0-9A2B-3E7640409323}.Release|Any CPU.ActiveCfg = Release|Any CPU
		{DE5D5966-37BA-46C0-9A2B-3E7640409323}.Release|Any CPU.Build.0 = Release|Any CPU
		{44727C62-6C93-441C-914A-EFE4E206D5B3}.Debug|Any CPU.ActiveCfg = Debug|Any CPU
		{44727C62-6C93-441C-914A-EFE4E206D5B3}.Debug|Any CPU.Build.0 = Debug|Any CPU
		{44727C62-6C93-441C-914A-EFE4E206D5B3}.Release|Any CPU.ActiveCfg = Release|Any CPU
		{44727C62-6C93-441C-914A-EFE4E206D5B3}.Release|Any CPU.Build.0 = Release|Any CPU
		{A18D24CF-7B62-4E05-9577-32309FF164D6}.Debug|Any CPU.ActiveCfg = Debug|Any CPU
		{A18D24CF-7B62-4E05-9577-32309FF164D6}.Debug|Any CPU.Build.0 = Debug|Any CPU
		{A18D24CF-7B62-4E05-9577-32309FF164D6}.Release|Any CPU.ActiveCfg = Release|Any CPU
		{A18D24CF-7B62-4E05-9577-32309FF164D6}.Release|Any CPU.Build.0 = Release|Any CPU
		{1C5B4DD7-6B6E-4781-A369-C9D7FEFB828B}.Debug|Any CPU.ActiveCfg = Debug|Any CPU
		{1C5B4DD7-6B6E-4781-A369-C9D7FEFB828B}.Debug|Any CPU.Build.0 = Debug|Any CPU
		{1C5B4DD7-6B6E-4781-A369-C9D7FEFB828B}.Release|Any CPU.ActiveCfg = Release|Any CPU
		{1C5B4DD7-6B6E-4781-A369-C9D7FEFB828B}.Release|Any CPU.Build.0 = Release|Any CPU
		{3B049973-95C5-4749-9438-AC250BA4E975}.Debug|Any CPU.ActiveCfg = Debug|Any CPU
		{3B049973-95C5-4749-9438-AC250BA4E975}.Debug|Any CPU.Build.0 = Debug|Any CPU
		{3B049973-95C5-4749-9438-AC250BA4E975}.Release|Any CPU.ActiveCfg = Release|Any CPU
		{3B049973-95C5-4749-9438-AC250BA4E975}.Release|Any CPU.Build.0 = Release|Any CPU
		{5646B90D-1718-4FF7-8C7C-C55692433CEF}.Debug|Any CPU.ActiveCfg = Debug|Any CPU
		{5646B90D-1718-4FF7-8C7C-C55692433CEF}.Debug|Any CPU.Build.0 = Debug|Any CPU
		{5646B90D-1718-4FF7-8C7C-C55692433CEF}.Release|Any CPU.ActiveCfg = Release|Any CPU
		{5646B90D-1718-4FF7-8C7C-C55692433CEF}.Release|Any CPU.Build.0 = Release|Any CPU
		{C5239EF4-BBCB-41C5-ABF2-2F0609BF1DB8}.Debug|Any CPU.ActiveCfg = Debug|Any CPU
		{C5239EF4-BBCB-41C5-ABF2-2F0609BF1DB8}.Debug|Any CPU.Build.0 = Debug|Any CPU
		{C5239EF4-BBCB-41C5-ABF2-2F0609BF1DB8}.Release|Any CPU.ActiveCfg = Release|Any CPU
		{C5239EF4-BBCB-41C5-ABF2-2F0609BF1DB8}.Release|Any CPU.Build.0 = Release|Any CPU
		{A7BF0199-A4E2-4810-A175-B212D8DEBB20}.Debug|Any CPU.ActiveCfg = Debug|Any CPU
		{A7BF0199-A4E2-4810-A175-B212D8DEBB20}.Debug|Any CPU.Build.0 = Debug|Any CPU
		{A7BF0199-A4E2-4810-A175-B212D8DEBB20}.Release|Any CPU.ActiveCfg = Release|Any CPU
		{A7BF0199-A4E2-4810-A175-B212D8DEBB20}.Release|Any CPU.Build.0 = Release|Any CPU
		{75CA149E-02E7-4DA3-BC98-81E0A4C5CAAD}.Debug|Any CPU.ActiveCfg = Debug|Any CPU
		{75CA149E-02E7-4DA3-BC98-81E0A4C5CAAD}.Debug|Any CPU.Build.0 = Debug|Any CPU
		{75CA149E-02E7-4DA3-BC98-81E0A4C5CAAD}.Release|Any CPU.ActiveCfg = Release|Any CPU
		{75CA149E-02E7-4DA3-BC98-81E0A4C5CAAD}.Release|Any CPU.Build.0 = Release|Any CPU
		{2034BE99-7DF1-4A16-B74B-DF673D60A825}.Debug|Any CPU.ActiveCfg = Debug|Any CPU
		{2034BE99-7DF1-4A16-B74B-DF673D60A825}.Debug|Any CPU.Build.0 = Debug|Any CPU
		{2034BE99-7DF1-4A16-B74B-DF673D60A825}.Release|Any CPU.ActiveCfg = Release|Any CPU
		{2034BE99-7DF1-4A16-B74B-DF673D60A825}.Release|Any CPU.Build.0 = Release|Any CPU
		{EA60D763-9E93-4983-9EA5-E170E7E1F802}.Debug|Any CPU.ActiveCfg = Debug|Any CPU
		{EA60D763-9E93-4983-9EA5-E170E7E1F802}.Debug|Any CPU.Build.0 = Debug|Any CPU
		{EA60D763-9E93-4983-9EA5-E170E7E1F802}.Release|Any CPU.ActiveCfg = Release|Any CPU
		{EA60D763-9E93-4983-9EA5-E170E7E1F802}.Release|Any CPU.Build.0 = Release|Any CPU
		{21BFBD41-FC24-40A0-9CF8-D19A8D9B46B2}.Debug|Any CPU.ActiveCfg = Debug|Any CPU
		{21BFBD41-FC24-40A0-9CF8-D19A8D9B46B2}.Debug|Any CPU.Build.0 = Debug|Any CPU
		{21BFBD41-FC24-40A0-9CF8-D19A8D9B46B2}.Release|Any CPU.ActiveCfg = Release|Any CPU
		{21BFBD41-FC24-40A0-9CF8-D19A8D9B46B2}.Release|Any CPU.Build.0 = Release|Any CPU
		{03F06BB2-2AAD-4D37-B4E9-11848FBB0598}.Debug|Any CPU.ActiveCfg = Debug|Any CPU
		{03F06BB2-2AAD-4D37-B4E9-11848FBB0598}.Debug|Any CPU.Build.0 = Debug|Any CPU
		{03F06BB2-2AAD-4D37-B4E9-11848FBB0598}.Release|Any CPU.ActiveCfg = Release|Any CPU
		{03F06BB2-2AAD-4D37-B4E9-11848FBB0598}.Release|Any CPU.Build.0 = Release|Any CPU
		{8E849CA5-5597-43DF-9129-B448CBF1C09F}.Debug|Any CPU.ActiveCfg = Debug|Any CPU
		{8E849CA5-5597-43DF-9129-B448CBF1C09F}.Debug|Any CPU.Build.0 = Debug|Any CPU
		{8E849CA5-5597-43DF-9129-B448CBF1C09F}.Release|Any CPU.ActiveCfg = Release|Any CPU
		{8E849CA5-5597-43DF-9129-B448CBF1C09F}.Release|Any CPU.Build.0 = Release|Any CPU
		{EA0798B3-3C53-49E2-B167-5BF885303C8C}.Debug|Any CPU.ActiveCfg = Debug|Any CPU
		{EA0798B3-3C53-49E2-B167-5BF885303C8C}.Debug|Any CPU.Build.0 = Debug|Any CPU
		{EA0798B3-3C53-49E2-B167-5BF885303C8C}.Release|Any CPU.ActiveCfg = Release|Any CPU
		{EA0798B3-3C53-49E2-B167-5BF885303C8C}.Release|Any CPU.Build.0 = Release|Any CPU
		{6DD2B9BE-0118-43F4-B1DD-41BBF534F91F}.Debug|Any CPU.ActiveCfg = Debug|Any CPU
		{6DD2B9BE-0118-43F4-B1DD-41BBF534F91F}.Debug|Any CPU.Build.0 = Debug|Any CPU
		{6DD2B9BE-0118-43F4-B1DD-41BBF534F91F}.Release|Any CPU.ActiveCfg = Release|Any CPU
		{6DD2B9BE-0118-43F4-B1DD-41BBF534F91F}.Release|Any CPU.Build.0 = Release|Any CPU
		{B03EE085-846B-416E-A9C9-A19E0805BF46}.Debug|Any CPU.ActiveCfg = Debug|Any CPU
		{B03EE085-846B-416E-A9C9-A19E0805BF46}.Debug|Any CPU.Build.0 = Debug|Any CPU
		{B03EE085-846B-416E-A9C9-A19E0805BF46}.Release|Any CPU.ActiveCfg = Release|Any CPU
		{B03EE085-846B-416E-A9C9-A19E0805BF46}.Release|Any CPU.Build.0 = Release|Any CPU
		{56366B20-CDDD-4C9A-BA82-DA696446BF3B}.Debug|Any CPU.ActiveCfg = Debug|Any CPU
		{56366B20-CDDD-4C9A-BA82-DA696446BF3B}.Debug|Any CPU.Build.0 = Debug|Any CPU
		{56366B20-CDDD-4C9A-BA82-DA696446BF3B}.Release|Any CPU.ActiveCfg = Release|Any CPU
		{56366B20-CDDD-4C9A-BA82-DA696446BF3B}.Release|Any CPU.Build.0 = Release|Any CPU
		{96F994EE-2845-4137-B15C-C67C3DE62A05}.Debug|Any CPU.ActiveCfg = Debug|Any CPU
		{96F994EE-2845-4137-B15C-C67C3DE62A05}.Debug|Any CPU.Build.0 = Debug|Any CPU
		{96F994EE-2845-4137-B15C-C67C3DE62A05}.Release|Any CPU.ActiveCfg = Release|Any CPU
		{96F994EE-2845-4137-B15C-C67C3DE62A05}.Release|Any CPU.Build.0 = Release|Any CPU
		{B8002235-3AFB-4F3A-B0CA-2A14B76D689E}.Debug|Any CPU.ActiveCfg = Debug|Any CPU
		{B8002235-3AFB-4F3A-B0CA-2A14B76D689E}.Debug|Any CPU.Build.0 = Debug|Any CPU
		{B8002235-3AFB-4F3A-B0CA-2A14B76D689E}.Release|Any CPU.ActiveCfg = Release|Any CPU
		{B8002235-3AFB-4F3A-B0CA-2A14B76D689E}.Release|Any CPU.Build.0 = Release|Any CPU
		{3836FFC7-5E49-4B39-BCCA-479C6235A5D5}.Debug|Any CPU.ActiveCfg = Debug|Any CPU
		{3836FFC7-5E49-4B39-BCCA-479C6235A5D5}.Debug|Any CPU.Build.0 = Debug|Any CPU
		{3836FFC7-5E49-4B39-BCCA-479C6235A5D5}.Release|Any CPU.ActiveCfg = Release|Any CPU
		{3836FFC7-5E49-4B39-BCCA-479C6235A5D5}.Release|Any CPU.Build.0 = Release|Any CPU
	EndGlobalSection
EndGlobal
