
Microsoft Visual Studio Solution File, Format Version 12.00
Project("{2150E333-8FDC-42A3-9474-1A3956D46DE8}") = "Framework", "Framework", "{C9A2E292-7695-4BFB-8C28-6FAE175E64F5}"
EndProject
Project("{2150E333-8FDC-42A3-9474-1A3956D46DE8}") = "Catalog", "Catalog", "{E511C6C8-E9C7-48DF-AC45-721B73714295}"
EndProject
Project("{2150E333-8FDC-42A3-9474-1A3956D46DE8}") = "ApiGateway", "ApiGateway", "{CF4FD077-0215-4F81-8B40-62B9DAC4700A}"
EndProject
Project("{2150E333-8FDC-42A3-9474-1A3956D46DE8}") = "src", "src", "{80C5177C-F2E6-4783-98FA-A753356DD37D}"
EndProject
Project("{2150E333-8FDC-42A3-9474-1A3956D46DE8}") = "tests", "tests", "{688822A6-F4EC-4DD3-AC0A-5A8F754E9EA6}"
EndProject
Project("{2150E333-8FDC-42A3-9474-1A3956D46DE8}") = "Application", "Application", "{02941AB3-F272-4BAA-A540-2D85CCD7E64F}"
EndProject
Project("{2150E333-8FDC-42A3-9474-1A3956D46DE8}") = "Domain", "Domain", "{0465D544-A106-4D99-B5A5-C405A0CE65A4}"
EndProject
Project("{2150E333-8FDC-42A3-9474-1A3956D46DE8}") = "Infrastructure", "Infrastructure", "{22535AA4-BF61-4362-90BE-9A399A18828A}"
EndProject
Project("{2150E333-8FDC-42A3-9474-1A3956D46DE8}") = "Presentation", "Presentation", "{9C85AC97-3684-402A-B534-A51684749D0F}"
EndProject
Project("{FAE04EC0-301F-11D3-BF4B-00C04F79EFBC}") = "Catalog.Application", "Catalog\src\Application\Catalog.Application\Catalog.Application.csproj", "{05F8ECA9-16CA-4B46-BB89-2D572D5E27AC}"
EndProject
Project("{FAE04EC0-301F-11D3-BF4B-00C04F79EFBC}") = "Catalog.Application.Contracts", "Catalog\src\Application\Catalog.Application.Contracts\Catalog.Application.Contracts.csproj", "{F2721CB3-0F13-4297-9409-8DB6D3F697E9}"
EndProject
Project("{FAE04EC0-301F-11D3-BF4B-00C04F79EFBC}") = "Catalog.Domain", "Catalog\src\Domain\Catalog.Domain\Catalog.Domain.csproj", "{C88DA2B0-247B-41F9-859A-B2AF4629E00E}"
EndProject
Project("{FAE04EC0-301F-11D3-BF4B-00C04F79EFBC}") = "Catalog.Query", "Catalog\src\Infrastructure\Catalog.Query\Catalog.Query.csproj", "{B81C7396-F06D-4674-B02E-CFBB61D10CC8}"
EndProject
Project("{FAE04EC0-301F-11D3-BF4B-00C04F79EFBC}") = "Catalog.Query.Model", "Catalog\src\Infrastructure\Catalog.Query.Model\Catalog.Query.Model.csproj", "{9E243E3E-FC57-4690-91DE-8CEF794B4980}"
EndProject
Project("{FAE04EC0-301F-11D3-BF4B-00C04F79EFBC}") = "Catalog.Persistence.Mongo", "Catalog\src\Infrastructure\Catalog.Persistence.Mongo\Catalog.Persistence.Mongo.csproj", "{A448F357-14F9-48B4-B6E0-B4E98164FA76}"
EndProject
Project("{FAE04EC0-301F-11D3-BF4B-00C04F79EFBC}") = "Catalog.Application.Tests.Unit", "Catalog\tests\Catalog.Application.Tests.Unit\Catalog.Application.Tests.Unit.csproj", "{FD309685-F4A5-4A81-9C71-0DA4940C3B83}"
EndProject
Project("{FAE04EC0-301F-11D3-BF4B-00C04F79EFBC}") = "Catalog.Domain.Tests.Unit", "Catalog\tests\Catalog.Domain.Tests.Unit\Catalog.Domain.Tests.Unit.csproj", "{C1A6ED7C-6F25-4FC9-AA5C-0D70C8C09684}"
EndProject
Project("{FAE04EC0-301F-11D3-BF4B-00C04F79EFBC}") = "Catalog.Spec", "Catalog\tests\Catalog.Spec\Catalog.Spec.csproj", "{DE5D5966-37BA-46C0-9A2B-3E7640409323}"
EndProject
Project("{FAE04EC0-301F-11D3-BF4B-00C04F79EFBC}") = "ApiGateway.Ocelot", "ApiGateway\ApiGateway.Ocelot\ApiGateway.Ocelot.csproj", "{44727C62-6C93-441C-914A-EFE4E206D5B3}"
EndProject
Project("{2150E333-8FDC-42A3-9474-1A3956D46DE8}") = "src", "src", "{625FA509-AB27-42F0-8C9E-CC4E999BB19F}"
EndProject
Project("{2150E333-8FDC-42A3-9474-1A3956D46DE8}") = "tests", "tests", "{B208668E-C3A4-4E09-A299-FA05BCDFF1DC}"
EndProject
Project("{FAE04EC0-301F-11D3-BF4B-00C04F79EFBC}") = "Anshan.Api", "Framework\src\Anshan.Api\Anshan.Api.csproj", "{A18D24CF-7B62-4E05-9577-32309FF164D6}"
EndProject
Project("{FAE04EC0-301F-11D3-BF4B-00C04F79EFBC}") = "Anshan.Application", "Framework\src\Anshan.Application\Anshan.Application.csproj", "{1C5B4DD7-6B6E-4781-A369-C9D7FEFB828B}"
EndProject
Project("{FAE04EC0-301F-11D3-BF4B-00C04F79EFBC}") = "Anshan.Collections", "Framework\src\Anshan.Collections\Anshan.Collections.csproj", "{3B049973-95C5-4749-9438-AC250BA4E975}"
EndProject
Project("{FAE04EC0-301F-11D3-BF4B-00C04F79EFBC}") = "Anshan.Core", "Framework\src\Anshan.Core\Anshan.Core.csproj", "{5646B90D-1718-4FF7-8C7C-C55692433CEF}"
EndProject
Project("{FAE04EC0-301F-11D3-BF4B-00C04F79EFBC}") = "Anshan.Data", "Framework\src\Anshan.Data\Anshan.Data.csproj", "{C5239EF4-BBCB-41C5-ABF2-2F0609BF1DB8}"
EndProject
Project("{FAE04EC0-301F-11D3-BF4B-00C04F79EFBC}") = "Anshan.Domain", "Framework\src\Anshan.Domain\Anshan.Domain.csproj", "{A7BF0199-A4E2-4810-A175-B212D8DEBB20}"
EndProject
Project("{FAE04EC0-301F-11D3-BF4B-00C04F79EFBC}") = "Anshan.EF", "Framework\src\Anshan.EF\Anshan.EF.csproj", "{75CA149E-02E7-4DA3-BC98-81E0A4C5CAAD}"
EndProject
Project("{FAE04EC0-301F-11D3-BF4B-00C04F79EFBC}") = "Anshan.Extensions", "Framework\src\Anshan.Extensions\Anshan.Extensions.csproj", "{2034BE99-7DF1-4A16-B74B-DF673D60A825}"
EndProject
Project("{FAE04EC0-301F-11D3-BF4B-00C04F79EFBC}") = "Anshan.Log.Serilog", "Framework\src\Anshan.Log.Serilog\Anshan.Log.Serilog.csproj", "{EA60D763-9E93-4983-9EA5-E170E7E1F802}"
EndProject
Project("{FAE04EC0-301F-11D3-BF4B-00C04F79EFBC}") = "Anshan.Mapper", "Framework\src\Anshan.Mapper\Anshan.Mapper.csproj", "{21BFBD41-FC24-40A0-9CF8-D19A8D9B46B2}"
EndProject
Project("{FAE04EC0-301F-11D3-BF4B-00C04F79EFBC}") = "Anshan.MicrosoftDI.Extensions", "Framework\src\Anshan.MicrosoftDI.Extensions\Anshan.MicrosoftDI.Extensions.csproj", "{03F06BB2-2AAD-4D37-B4E9-11848FBB0598}"
EndProject
Project("{FAE04EC0-301F-11D3-BF4B-00C04F79EFBC}") = "Anshan.Mongo", "Framework\src\Anshan.Mongo\Anshan.Mongo.csproj", "{8E849CA5-5597-43DF-9129-B448CBF1C09F}"
EndProject
Project("{FAE04EC0-301F-11D3-BF4B-00C04F79EFBC}") = "Anshan.Permission", "Framework\src\Anshan.Permission\Anshan.Permission.csproj", "{EA0798B3-3C53-49E2-B167-5BF885303C8C}"
EndProject
Project("{FAE04EC0-301F-11D3-BF4B-00C04F79EFBC}") = "Anshan.Persistence", "Framework\src\Anshan.Persistence\Anshan.Persistence.csproj", "{6DD2B9BE-0118-43F4-B1DD-41BBF534F91F}"
EndProject
Project("{FAE04EC0-301F-11D3-BF4B-00C04F79EFBC}") = "Anshan.Query", "Framework\src\Anshan.Query\Anshan.Query.csproj", "{B03EE085-846B-416E-A9C9-A19E0805BF46}"
EndProject
Project("{FAE04EC0-301F-11D3-BF4B-00C04F79EFBC}") = "Anshan.Security", "Framework\src\Anshan.Security\Anshan.Security.csproj", "{56366B20-CDDD-4C9A-BA82-DA696446BF3B}"
EndProject
Project("{FAE04EC0-301F-11D3-BF4B-00C04F79EFBC}") = "Anshan.Test", "Framework\src\Anshan.Test\Anshan.Test.csproj", "{96F994EE-2845-4137-B15C-C67C3DE62A05}"
EndProject
Project("{FAE04EC0-301F-11D3-BF4B-00C04F79EFBC}") = "Anshan.Validator", "Framework\src\Anshan.Validator\Anshan.Validator.csproj", "{B8002235-3AFB-4F3A-B0CA-2A14B76D689E}"
EndProject
Project("{FAE04EC0-301F-11D3-BF4B-00C04F79EFBC}") = "Anshan.LiteBus", "Framework\src\Anshan.LiteBus\Anshan.LiteBus.csproj", "{3836FFC7-5E49-4B39-BCCA-479C6235A5D5}"
EndProject
Project("{FAE04EC0-301F-11D3-BF4B-00C04F79EFBC}") = "Catalog.Management.Api", "Catalog\src\Presentation\Catalog.Management.Api\Catalog.Management.Api.csproj", "{F3C07575-6DDE-4205-AECD-984473223562}"
EndProject
Project("{FAE04EC0-301F-11D3-BF4B-00C04F79EFBC}") = "Catalog.Config", "Catalog\src\Infrastructure\Catalog.Config\Catalog.Config.csproj", "{C0784428-DA42-49E2-928D-A4412FF2FB21}"
EndProject
Project("{FAE04EC0-301F-11D3-BF4B-00C04F79EFBC}") = "Catalog.Api", "Catalog\src\Presentationz\Catalog.Api\Catalog.Api.csproj", "{DFF4EAE4-C3C0-4218-8536-F70429E6E61A}"
EndProject
Project("{FAE04EC0-301F-11D3-BF4B-00C04F79EFBC}") = "Catalog.Cache", "Catalog\src\Infrastructure\Catalog.Cache\Catalog.Cache.csproj", "{4754E1D6-02C4-41E6-A5C3-AAF39D344D5E}"
EndProject
Project("{FAE04EC0-301F-11D3-BF4B-00C04F79EFBC}") = "Catalog.Cache.Memory", "Catalog\src\Infrastructure\Catalog.Cache.Memory\Catalog.Cache.Memory.csproj", "{6F1A2C7C-12F5-46C0-A908-C738C4A5D5C8}"
EndProject
Project("{FAE04EC0-301F-11D3-BF4B-00C04F79EFBC}") = "Catalog.Cache.Redis", "Catalog\src\Infrastructure\Catalog.Cache.Redis\Catalog.Cache.Redis.csproj", "{8FE28671-07AC-4771-96AE-D165D066B086}"
EndProject
Project("{2150E333-8FDC-42A3-9474-1A3956D46DE8}") = "Facade", "Facade", "{003A3E2E-082F-4010-A959-73B197AE5D9D}"
EndProject
Project("{FAE04EC0-301F-11D3-BF4B-00C04F79EFBC}") = "Catalog.Query.Facade", "Catalog\src\Facade\Catalog.Query.Facade\Catalog.Query.Facade.csproj", "{3D84B4B6-ECD3-4216-9C2B-12FB7311FF34}"
EndProject
Project("{FAE04EC0-301F-11D3-BF4B-00C04F79EFBC}") = "Catalog.Query.ReadModel", "Catalog\src\Infrastructure\Catalog.Query.ReadModel\Catalog.Query.ReadModel.csproj", "{2DEDFBD9-1790-4486-9FCA-6DE28A0C79BA}"
EndProject
Global
	GlobalSection(SolutionConfigurationPlatforms) = preSolution
		Debug|Any CPU = Debug|Any CPU
		Release|Any CPU = Release|Any CPU
	EndGlobalSection
	GlobalSection(NestedProjects) = preSolution
		{80C5177C-F2E6-4783-98FA-A753356DD37D} = {E511C6C8-E9C7-48DF-AC45-721B73714295}
		{688822A6-F4EC-4DD3-AC0A-5A8F754E9EA6} = {E511C6C8-E9C7-48DF-AC45-721B73714295}
		{02941AB3-F272-4BAA-A540-2D85CCD7E64F} = {80C5177C-F2E6-4783-98FA-A753356DD37D}
		{0465D544-A106-4D99-B5A5-C405A0CE65A4} = {80C5177C-F2E6-4783-98FA-A753356DD37D}
		{22535AA4-BF61-4362-90BE-9A399A18828A} = {80C5177C-F2E6-4783-98FA-A753356DD37D}
		{9C85AC97-3684-402A-B534-A51684749D0F} = {80C5177C-F2E6-4783-98FA-A753356DD37D}
		{05F8ECA9-16CA-4B46-BB89-2D572D5E27AC} = {02941AB3-F272-4BAA-A540-2D85CCD7E64F}
		{F2721CB3-0F13-4297-9409-8DB6D3F697E9} = {02941AB3-F272-4BAA-A540-2D85CCD7E64F}
		{C88DA2B0-247B-41F9-859A-B2AF4629E00E} = {0465D544-A106-4D99-B5A5-C405A0CE65A4}
		{B81C7396-F06D-4674-B02E-CFBB61D10CC8} = {22535AA4-BF61-4362-90BE-9A399A18828A}
		{9E243E3E-FC57-4690-91DE-8CEF794B4980} = {22535AA4-BF61-4362-90BE-9A399A18828A}
		{A448F357-14F9-48B4-B6E0-B4E98164FA76} = {22535AA4-BF61-4362-90BE-9A399A18828A}
		{FD309685-F4A5-4A81-9C71-0DA4940C3B83} = {688822A6-F4EC-4DD3-AC0A-5A8F754E9EA6}
		{C1A6ED7C-6F25-4FC9-AA5C-0D70C8C09684} = {688822A6-F4EC-4DD3-AC0A-5A8F754E9EA6}
		{DE5D5966-37BA-46C0-9A2B-3E7640409323} = {688822A6-F4EC-4DD3-AC0A-5A8F754E9EA6}
		{44727C62-6C93-441C-914A-EFE4E206D5B3} = {CF4FD077-0215-4F81-8B40-62B9DAC4700A}
		{625FA509-AB27-42F0-8C9E-CC4E999BB19F} = {C9A2E292-7695-4BFB-8C28-6FAE175E64F5}
		{B208668E-C3A4-4E09-A299-FA05BCDFF1DC} = {C9A2E292-7695-4BFB-8C28-6FAE175E64F5}
		{A18D24CF-7B62-4E05-9577-32309FF164D6} = {625FA509-AB27-42F0-8C9E-CC4E999BB19F}
		{1C5B4DD7-6B6E-4781-A369-C9D7FEFB828B} = {625FA509-AB27-42F0-8C9E-CC4E999BB19F}
		{3B049973-95C5-4749-9438-AC250BA4E975} = {625FA509-AB27-42F0-8C9E-CC4E999BB19F}
		{5646B90D-1718-4FF7-8C7C-C55692433CEF} = {625FA509-AB27-42F0-8C9E-CC4E999BB19F}
		{C5239EF4-BBCB-41C5-ABF2-2F0609BF1DB8} = {625FA509-AB27-42F0-8C9E-CC4E999BB19F}
		{A7BF0199-A4E2-4810-A175-B212D8DEBB20} = {625FA509-AB27-42F0-8C9E-CC4E999BB19F}
		{75CA149E-02E7-4DA3-BC98-81E0A4C5CAAD} = {625FA509-AB27-42F0-8C9E-CC4E999BB19F}
		{2034BE99-7DF1-4A16-B74B-DF673D60A825} = {625FA509-AB27-42F0-8C9E-CC4E999BB19F}
		{EA60D763-9E93-4983-9EA5-E170E7E1F802} = {625FA509-AB27-42F0-8C9E-CC4E999BB19F}
		{21BFBD41-FC24-40A0-9CF8-D19A8D9B46B2} = {625FA509-AB27-42F0-8C9E-CC4E999BB19F}
		{03F06BB2-2AAD-4D37-B4E9-11848FBB0598} = {625FA509-AB27-42F0-8C9E-CC4E999BB19F}
		{8E849CA5-5597-43DF-9129-B448CBF1C09F} = {625FA509-AB27-42F0-8C9E-CC4E999BB19F}
		{EA0798B3-3C53-49E2-B167-5BF885303C8C} = {625FA509-AB27-42F0-8C9E-CC4E999BB19F}
		{6DD2B9BE-0118-43F4-B1DD-41BBF534F91F} = {625FA509-AB27-42F0-8C9E-CC4E999BB19F}
		{B03EE085-846B-416E-A9C9-A19E0805BF46} = {625FA509-AB27-42F0-8C9E-CC4E999BB19F}
		{56366B20-CDDD-4C9A-BA82-DA696446BF3B} = {625FA509-AB27-42F0-8C9E-CC4E999BB19F}
		{96F994EE-2845-4137-B15C-C67C3DE62A05} = {625FA509-AB27-42F0-8C9E-CC4E999BB19F}
		{B8002235-3AFB-4F3A-B0CA-2A14B76D689E} = {625FA509-AB27-42F0-8C9E-CC4E999BB19F}
		{3836FFC7-5E49-4B39-BCCA-479C6235A5D5} = {625FA509-AB27-42F0-8C9E-CC4E999BB19F}
		{F3C07575-6DDE-4205-AECD-984473223562} = {9C85AC97-3684-402A-B534-A51684749D0F}
		{C0784428-DA42-49E2-928D-A4412FF2FB21} = {22535AA4-BF61-4362-90BE-9A399A18828A}
		{DFF4EAE4-C3C0-4218-8536-F70429E6E61A} = {9C85AC97-3684-402A-B534-A51684749D0F}
		{4754E1D6-02C4-41E6-A5C3-AAF39D344D5E} = {22535AA4-BF61-4362-90BE-9A399A18828A}
		{6F1A2C7C-12F5-46C0-A908-C738C4A5D5C8} = {22535AA4-BF61-4362-90BE-9A399A18828A}
		{8FE28671-07AC-4771-96AE-D165D066B086} = {22535AA4-BF61-4362-90BE-9A399A18828A}
		{003A3E2E-082F-4010-A959-73B197AE5D9D} = {80C5177C-F2E6-4783-98FA-A753356DD37D}
		{3D84B4B6-ECD3-4216-9C2B-12FB7311FF34} = {003A3E2E-082F-4010-A959-73B197AE5D9D}
		{2DEDFBD9-1790-4486-9FCA-6DE28A0C79BA} = {22535AA4-BF61-4362-90BE-9A399A18828A}
	EndGlobalSection
	GlobalSection(ProjectConfigurationPlatforms) = postSolution
		{05F8ECA9-16CA-4B46-BB89-2D572D5E27AC}.Debug|Any CPU.ActiveCfg = Debug|Any CPU
		{05F8ECA9-16CA-4B46-BB89-2D572D5E27AC}.Debug|Any CPU.Build.0 = Debug|Any CPU
		{05F8ECA9-16CA-4B46-BB89-2D572D5E27AC}.Release|Any CPU.ActiveCfg = Release|Any CPU
		{05F8ECA9-16CA-4B46-BB89-2D572D5E27AC}.Release|Any CPU.Build.0 = Release|Any CPU
		{F2721CB3-0F13-4297-9409-8DB6D3F697E9}.Debug|Any CPU.ActiveCfg = Debug|Any CPU
		{F2721CB3-0F13-4297-9409-8DB6D3F697E9}.Debug|Any CPU.Build.0 = Debug|Any CPU
		{F2721CB3-0F13-4297-9409-8DB6D3F697E9}.Release|Any CPU.ActiveCfg = Release|Any CPU
		{F2721CB3-0F13-4297-9409-8DB6D3F697E9}.Release|Any CPU.Build.0 = Release|Any CPU
		{C88DA2B0-247B-41F9-859A-B2AF4629E00E}.Debug|Any CPU.ActiveCfg = Debug|Any CPU
		{C88DA2B0-247B-41F9-859A-B2AF4629E00E}.Debug|Any CPU.Build.0 = Debug|Any CPU
		{C88DA2B0-247B-41F9-859A-B2AF4629E00E}.Release|Any CPU.ActiveCfg = Release|Any CPU
		{C88DA2B0-247B-41F9-859A-B2AF4629E00E}.Release|Any CPU.Build.0 = Release|Any CPU
		{B81C7396-F06D-4674-B02E-CFBB61D10CC8}.Debug|Any CPU.ActiveCfg = Debug|Any CPU
		{B81C7396-F06D-4674-B02E-CFBB61D10CC8}.Debug|Any CPU.Build.0 = Debug|Any CPU
		{B81C7396-F06D-4674-B02E-CFBB61D10CC8}.Release|Any CPU.ActiveCfg = Release|Any CPU
		{B81C7396-F06D-4674-B02E-CFBB61D10CC8}.Release|Any CPU.Build.0 = Release|Any CPU
		{9E243E3E-FC57-4690-91DE-8CEF794B4980}.Debug|Any CPU.ActiveCfg = Debug|Any CPU
		{9E243E3E-FC57-4690-91DE-8CEF794B4980}.Debug|Any CPU.Build.0 = Debug|Any CPU
		{9E243E3E-FC57-4690-91DE-8CEF794B4980}.Release|Any CPU.ActiveCfg = Release|Any CPU
		{9E243E3E-FC57-4690-91DE-8CEF794B4980}.Release|Any CPU.Build.0 = Release|Any CPU
		{A448F357-14F9-48B4-B6E0-B4E98164FA76}.Debug|Any CPU.ActiveCfg = Debug|Any CPU
		{A448F357-14F9-48B4-B6E0-B4E98164FA76}.Debug|Any CPU.Build.0 = Debug|Any CPU
		{A448F357-14F9-48B4-B6E0-B4E98164FA76}.Release|Any CPU.ActiveCfg = Release|Any CPU
		{A448F357-14F9-48B4-B6E0-B4E98164FA76}.Release|Any CPU.Build.0 = Release|Any CPU
		{FD309685-F4A5-4A81-9C71-0DA4940C3B83}.Debug|Any CPU.ActiveCfg = Debug|Any CPU
		{FD309685-F4A5-4A81-9C71-0DA4940C3B83}.Debug|Any CPU.Build.0 = Debug|Any CPU
		{FD309685-F4A5-4A81-9C71-0DA4940C3B83}.Release|Any CPU.ActiveCfg = Release|Any CPU
		{FD309685-F4A5-4A81-9C71-0DA4940C3B83}.Release|Any CPU.Build.0 = Release|Any CPU
		{C1A6ED7C-6F25-4FC9-AA5C-0D70C8C09684}.Debug|Any CPU.ActiveCfg = Debug|Any CPU
		{C1A6ED7C-6F25-4FC9-AA5C-0D70C8C09684}.Debug|Any CPU.Build.0 = Debug|Any CPU
		{C1A6ED7C-6F25-4FC9-AA5C-0D70C8C09684}.Release|Any CPU.ActiveCfg = Release|Any CPU
		{C1A6ED7C-6F25-4FC9-AA5C-0D70C8C09684}.Release|Any CPU.Build.0 = Release|Any CPU
		{DE5D5966-37BA-46C0-9A2B-3E7640409323}.Debug|Any CPU.ActiveCfg = Debug|Any CPU
		{DE5D5966-37BA-46C0-9A2B-3E7640409323}.Debug|Any CPU.Build.0 = Debug|Any CPU
		{DE5D5966-37BA-46C0-9A2B-3E7640409323}.Release|Any CPU.ActiveCfg = Release|Any CPU
		{DE5D5966-37BA-46C0-9A2B-3E7640409323}.Release|Any CPU.Build.0 = Release|Any CPU
		{44727C62-6C93-441C-914A-EFE4E206D5B3}.Debug|Any CPU.ActiveCfg = Debug|Any CPU
		{44727C62-6C93-441C-914A-EFE4E206D5B3}.Debug|Any CPU.Build.0 = Debug|Any CPU
		{44727C62-6C93-441C-914A-EFE4E206D5B3}.Release|Any CPU.ActiveCfg = Release|Any CPU
		{44727C62-6C93-441C-914A-EFE4E206D5B3}.Release|Any CPU.Build.0 = Release|Any CPU
		{A18D24CF-7B62-4E05-9577-32309FF164D6}.Debug|Any CPU.ActiveCfg = Debug|Any CPU
		{A18D24CF-7B62-4E05-9577-32309FF164D6}.Debug|Any CPU.Build.0 = Debug|Any CPU
		{A18D24CF-7B62-4E05-9577-32309FF164D6}.Release|Any CPU.ActiveCfg = Release|Any CPU
		{A18D24CF-7B62-4E05-9577-32309FF164D6}.Release|Any CPU.Build.0 = Release|Any CPU
		{1C5B4DD7-6B6E-4781-A369-C9D7FEFB828B}.Debug|Any CPU.ActiveCfg = Debug|Any CPU
		{1C5B4DD7-6B6E-4781-A369-C9D7FEFB828B}.Debug|Any CPU.Build.0 = Debug|Any CPU
		{1C5B4DD7-6B6E-4781-A369-C9D7FEFB828B}.Release|Any CPU.ActiveCfg = Release|Any CPU
		{1C5B4DD7-6B6E-4781-A369-C9D7FEFB828B}.Release|Any CPU.Build.0 = Release|Any CPU
		{3B049973-95C5-4749-9438-AC250BA4E975}.Debug|Any CPU.ActiveCfg = Debug|Any CPU
		{3B049973-95C5-4749-9438-AC250BA4E975}.Debug|Any CPU.Build.0 = Debug|Any CPU
		{3B049973-95C5-4749-9438-AC250BA4E975}.Release|Any CPU.ActiveCfg = Release|Any CPU
		{3B049973-95C5-4749-9438-AC250BA4E975}.Release|Any CPU.Build.0 = Release|Any CPU
		{5646B90D-1718-4FF7-8C7C-C55692433CEF}.Debug|Any CPU.ActiveCfg = Debug|Any CPU
		{5646B90D-1718-4FF7-8C7C-C55692433CEF}.Debug|Any CPU.Build.0 = Debug|Any CPU
		{5646B90D-1718-4FF7-8C7C-C55692433CEF}.Release|Any CPU.ActiveCfg = Release|Any CPU
		{5646B90D-1718-4FF7-8C7C-C55692433CEF}.Release|Any CPU.Build.0 = Release|Any CPU
		{C5239EF4-BBCB-41C5-ABF2-2F0609BF1DB8}.Debug|Any CPU.ActiveCfg = Debug|Any CPU
		{C5239EF4-BBCB-41C5-ABF2-2F0609BF1DB8}.Debug|Any CPU.Build.0 = Debug|Any CPU
		{C5239EF4-BBCB-41C5-ABF2-2F0609BF1DB8}.Release|Any CPU.ActiveCfg = Release|Any CPU
		{C5239EF4-BBCB-41C5-ABF2-2F0609BF1DB8}.Release|Any CPU.Build.0 = Release|Any CPU
		{A7BF0199-A4E2-4810-A175-B212D8DEBB20}.Debug|Any CPU.ActiveCfg = Debug|Any CPU
		{A7BF0199-A4E2-4810-A175-B212D8DEBB20}.Debug|Any CPU.Build.0 = Debug|Any CPU
		{A7BF0199-A4E2-4810-A175-B212D8DEBB20}.Release|Any CPU.ActiveCfg = Release|Any CPU
		{A7BF0199-A4E2-4810-A175-B212D8DEBB20}.Release|Any CPU.Build.0 = Release|Any CPU
		{75CA149E-02E7-4DA3-BC98-81E0A4C5CAAD}.Debug|Any CPU.ActiveCfg = Debug|Any CPU
		{75CA149E-02E7-4DA3-BC98-81E0A4C5CAAD}.Debug|Any CPU.Build.0 = Debug|Any CPU
		{75CA149E-02E7-4DA3-BC98-81E0A4C5CAAD}.Release|Any CPU.ActiveCfg = Release|Any CPU
		{75CA149E-02E7-4DA3-BC98-81E0A4C5CAAD}.Release|Any CPU.Build.0 = Release|Any CPU
		{2034BE99-7DF1-4A16-B74B-DF673D60A825}.Debug|Any CPU.ActiveCfg = Debug|Any CPU
		{2034BE99-7DF1-4A16-B74B-DF673D60A825}.Debug|Any CPU.Build.0 = Debug|Any CPU
		{2034BE99-7DF1-4A16-B74B-DF673D60A825}.Release|Any CPU.ActiveCfg = Release|Any CPU
		{2034BE99-7DF1-4A16-B74B-DF673D60A825}.Release|Any CPU.Build.0 = Release|Any CPU
		{EA60D763-9E93-4983-9EA5-E170E7E1F802}.Debug|Any CPU.ActiveCfg = Debug|Any CPU
		{EA60D763-9E93-4983-9EA5-E170E7E1F802}.Debug|Any CPU.Build.0 = Debug|Any CPU
		{EA60D763-9E93-4983-9EA5-E170E7E1F802}.Release|Any CPU.ActiveCfg = Release|Any CPU
		{EA60D763-9E93-4983-9EA5-E170E7E1F802}.Release|Any CPU.Build.0 = Release|Any CPU
		{21BFBD41-FC24-40A0-9CF8-D19A8D9B46B2}.Debug|Any CPU.ActiveCfg = Debug|Any CPU
		{21BFBD41-FC24-40A0-9CF8-D19A8D9B46B2}.Debug|Any CPU.Build.0 = Debug|Any CPU
		{21BFBD41-FC24-40A0-9CF8-D19A8D9B46B2}.Release|Any CPU.ActiveCfg = Release|Any CPU
		{21BFBD41-FC24-40A0-9CF8-D19A8D9B46B2}.Release|Any CPU.Build.0 = Release|Any CPU
		{03F06BB2-2AAD-4D37-B4E9-11848FBB0598}.Debug|Any CPU.ActiveCfg = Debug|Any CPU
		{03F06BB2-2AAD-4D37-B4E9-11848FBB0598}.Debug|Any CPU.Build.0 = Debug|Any CPU
		{03F06BB2-2AAD-4D37-B4E9-11848FBB0598}.Release|Any CPU.ActiveCfg = Release|Any CPU
		{03F06BB2-2AAD-4D37-B4E9-11848FBB0598}.Release|Any CPU.Build.0 = Release|Any CPU
		{8E849CA5-5597-43DF-9129-B448CBF1C09F}.Debug|Any CPU.ActiveCfg = Debug|Any CPU
		{8E849CA5-5597-43DF-9129-B448CBF1C09F}.Debug|Any CPU.Build.0 = Debug|Any CPU
		{8E849CA5-5597-43DF-9129-B448CBF1C09F}.Release|Any CPU.ActiveCfg = Release|Any CPU
		{8E849CA5-5597-43DF-9129-B448CBF1C09F}.Release|Any CPU.Build.0 = Release|Any CPU
		{EA0798B3-3C53-49E2-B167-5BF885303C8C}.Debug|Any CPU.ActiveCfg = Debug|Any CPU
		{EA0798B3-3C53-49E2-B167-5BF885303C8C}.Debug|Any CPU.Build.0 = Debug|Any CPU
		{EA0798B3-3C53-49E2-B167-5BF885303C8C}.Release|Any CPU.ActiveCfg = Release|Any CPU
		{EA0798B3-3C53-49E2-B167-5BF885303C8C}.Release|Any CPU.Build.0 = Release|Any CPU
		{6DD2B9BE-0118-43F4-B1DD-41BBF534F91F}.Debug|Any CPU.ActiveCfg = Debug|Any CPU
		{6DD2B9BE-0118-43F4-B1DD-41BBF534F91F}.Debug|Any CPU.Build.0 = Debug|Any CPU
		{6DD2B9BE-0118-43F4-B1DD-41BBF534F91F}.Release|Any CPU.ActiveCfg = Release|Any CPU
		{6DD2B9BE-0118-43F4-B1DD-41BBF534F91F}.Release|Any CPU.Build.0 = Release|Any CPU
		{B03EE085-846B-416E-A9C9-A19E0805BF46}.Debug|Any CPU.ActiveCfg = Debug|Any CPU
		{B03EE085-846B-416E-A9C9-A19E0805BF46}.Debug|Any CPU.Build.0 = Debug|Any CPU
		{B03EE085-846B-416E-A9C9-A19E0805BF46}.Release|Any CPU.ActiveCfg = Release|Any CPU
		{B03EE085-846B-416E-A9C9-A19E0805BF46}.Release|Any CPU.Build.0 = Release|Any CPU
		{56366B20-CDDD-4C9A-BA82-DA696446BF3B}.Debug|Any CPU.ActiveCfg = Debug|Any CPU
		{56366B20-CDDD-4C9A-BA82-DA696446BF3B}.Debug|Any CPU.Build.0 = Debug|Any CPU
		{56366B20-CDDD-4C9A-BA82-DA696446BF3B}.Release|Any CPU.ActiveCfg = Release|Any CPU
		{56366B20-CDDD-4C9A-BA82-DA696446BF3B}.Release|Any CPU.Build.0 = Release|Any CPU
		{96F994EE-2845-4137-B15C-C67C3DE62A05}.Debug|Any CPU.ActiveCfg = Debug|Any CPU
		{96F994EE-2845-4137-B15C-C67C3DE62A05}.Debug|Any CPU.Build.0 = Debug|Any CPU
		{96F994EE-2845-4137-B15C-C67C3DE62A05}.Release|Any CPU.ActiveCfg = Release|Any CPU
		{96F994EE-2845-4137-B15C-C67C3DE62A05}.Release|Any CPU.Build.0 = Release|Any CPU
		{B8002235-3AFB-4F3A-B0CA-2A14B76D689E}.Debug|Any CPU.ActiveCfg = Debug|Any CPU
		{B8002235-3AFB-4F3A-B0CA-2A14B76D689E}.Debug|Any CPU.Build.0 = Debug|Any CPU
		{B8002235-3AFB-4F3A-B0CA-2A14B76D689E}.Release|Any CPU.ActiveCfg = Release|Any CPU
		{B8002235-3AFB-4F3A-B0CA-2A14B76D689E}.Release|Any CPU.Build.0 = Release|Any CPU
		{3836FFC7-5E49-4B39-BCCA-479C6235A5D5}.Debug|Any CPU.ActiveCfg = Debug|Any CPU
		{3836FFC7-5E49-4B39-BCCA-479C6235A5D5}.Debug|Any CPU.Build.0 = Debug|Any CPU
		{3836FFC7-5E49-4B39-BCCA-479C6235A5D5}.Release|Any CPU.ActiveCfg = Release|Any CPU
		{3836FFC7-5E49-4B39-BCCA-479C6235A5D5}.Release|Any CPU.Build.0 = Release|Any CPU
		{F3C07575-6DDE-4205-AECD-984473223562}.Debug|Any CPU.ActiveCfg = Debug|Any CPU
		{F3C07575-6DDE-4205-AECD-984473223562}.Debug|Any CPU.Build.0 = Debug|Any CPU
		{F3C07575-6DDE-4205-AECD-984473223562}.Release|Any CPU.ActiveCfg = Release|Any CPU
		{F3C07575-6DDE-4205-AECD-984473223562}.Release|Any CPU.Build.0 = Release|Any CPU
		{C0784428-DA42-49E2-928D-A4412FF2FB21}.Debug|Any CPU.ActiveCfg = Debug|Any CPU
		{C0784428-DA42-49E2-928D-A4412FF2FB21}.Debug|Any CPU.Build.0 = Debug|Any CPU
		{C0784428-DA42-49E2-928D-A4412FF2FB21}.Release|Any CPU.ActiveCfg = Release|Any CPU
		{C0784428-DA42-49E2-928D-A4412FF2FB21}.Release|Any CPU.Build.0 = Release|Any CPU
		{DFF4EAE4-C3C0-4218-8536-F70429E6E61A}.Debug|Any CPU.ActiveCfg = Debug|Any CPU
		{DFF4EAE4-C3C0-4218-8536-F70429E6E61A}.Debug|Any CPU.Build.0 = Debug|Any CPU
		{DFF4EAE4-C3C0-4218-8536-F70429E6E61A}.Release|Any CPU.ActiveCfg = Release|Any CPU
		{DFF4EAE4-C3C0-4218-8536-F70429E6E61A}.Release|Any CPU.Build.0 = Release|Any CPU
		{4754E1D6-02C4-41E6-A5C3-AAF39D344D5E}.Debug|Any CPU.ActiveCfg = Debug|Any CPU
		{4754E1D6-02C4-41E6-A5C3-AAF39D344D5E}.Debug|Any CPU.Build.0 = Debug|Any CPU
		{4754E1D6-02C4-41E6-A5C3-AAF39D344D5E}.Release|Any CPU.ActiveCfg = Release|Any CPU
		{4754E1D6-02C4-41E6-A5C3-AAF39D344D5E}.Release|Any CPU.Build.0 = Release|Any CPU
		{6F1A2C7C-12F5-46C0-A908-C738C4A5D5C8}.Debug|Any CPU.ActiveCfg = Debug|Any CPU
		{6F1A2C7C-12F5-46C0-A908-C738C4A5D5C8}.Debug|Any CPU.Build.0 = Debug|Any CPU
		{6F1A2C7C-12F5-46C0-A908-C738C4A5D5C8}.Release|Any CPU.ActiveCfg = Release|Any CPU
		{6F1A2C7C-12F5-46C0-A908-C738C4A5D5C8}.Release|Any CPU.Build.0 = Release|Any CPU
		{8FE28671-07AC-4771-96AE-D165D066B086}.Debug|Any CPU.ActiveCfg = Debug|Any CPU
		{8FE28671-07AC-4771-96AE-D165D066B086}.Debug|Any CPU.Build.0 = Debug|Any CPU
		{8FE28671-07AC-4771-96AE-D165D066B086}.Release|Any CPU.ActiveCfg = Release|Any CPU
		{8FE28671-07AC-4771-96AE-D165D066B086}.Release|Any CPU.Build.0 = Release|Any CPU
		{3D84B4B6-ECD3-4216-9C2B-12FB7311FF34}.Debug|Any CPU.ActiveCfg = Debug|Any CPU
		{3D84B4B6-ECD3-4216-9C2B-12FB7311FF34}.Debug|Any CPU.Build.0 = Debug|Any CPU
		{3D84B4B6-ECD3-4216-9C2B-12FB7311FF34}.Release|Any CPU.ActiveCfg = Release|Any CPU
		{3D84B4B6-ECD3-4216-9C2B-12FB7311FF34}.Release|Any CPU.Build.0 = Release|Any CPU
		{2DEDFBD9-1790-4486-9FCA-6DE28A0C79BA}.Debug|Any CPU.ActiveCfg = Debug|Any CPU
		{2DEDFBD9-1790-4486-9FCA-6DE28A0C79BA}.Debug|Any CPU.Build.0 = Debug|Any CPU
		{2DEDFBD9-1790-4486-9FCA-6DE28A0C79BA}.Release|Any CPU.ActiveCfg = Release|Any CPU
		{2DEDFBD9-1790-4486-9FCA-6DE28A0C79BA}.Release|Any CPU.Build.0 = Release|Any CPU
	EndGlobalSection
EndGlobal
